
Microsoft Visual Studio Solution File, Format Version 12.00
# Visual Studio 15
VisualStudioVersion = 15.0.26403.7
MinimumVisualStudioVersion = 10.0.40219.1
Project("{FAE04EC0-301F-11D3-BF4B-00C04F79EFBC}") = "IssueDatabaseWinform", "IssueDatabaseWinform\IssueDatabaseWinform.csproj", "{6ED3EBB2-0CF3-4E68-B41A-F1ABBA9D69B7}"
EndProject
Global
	GlobalSection(SolutionConfigurationPlatforms) = preSolution
		Debug|Any CPU = Debug|Any CPU
		Release|Any CPU = Release|Any CPU
	EndGlobalSection
	GlobalSection(ProjectConfigurationPlatforms) = postSolution
		{6ED3EBB2-0CF3-4E68-B41A-F1ABBA9D69B7}.Debug|Any CPU.ActiveCfg = Debug|Any CPU
		{6ED3EBB2-0CF3-4E68-B41A-F1ABBA9D69B7}.Debug|Any CPU.Build.0 = Debug|Any CPU
		{6ED3EBB2-0CF3-4E68-B41A-F1ABBA9D69B7}.Release|Any CPU.ActiveCfg = Release|Any CPU
		{6ED3EBB2-0CF3-4E68-B41A-F1ABBA9D69B7}.Release|Any CPU.Build.0 = Release|Any CPU
	EndGlobalSection
	GlobalSection(SolutionProperties) = preSolution
		HideSolutionNode = FALSE
	EndGlobalSection
EndGlobal
